
Microsoft Visual Studio Solution File, Format Version 12.00
# Visual Studio 15
VisualStudioVersion = 15.0.28307.271
MinimumVisualStudioVersion = 10.0.40219.1
Project("{FAE04EC0-301F-11D3-BF4B-00C04F79EFBC}") = "WebApiIntegration", "WebApiIntegration\WebApiIntegration.csproj", "{F10F2795-87EE-4C7A-9A6A-381B58FEE96F}"
EndProject
Project("{FAE04EC0-301F-11D3-BF4B-00C04F79EFBC}") = "SimpleMVC", "SimpleMVC\SimpleMVC.csproj", "{8E6DB202-36A2-4A55-A9C8-523BB666C0B6}"
EndProject
Project("{FAE04EC0-301F-11D3-BF4B-00C04F79EFBC}") = "XamarinApp.Android", "XamarinApp\XamarinApp.Android\XamarinApp.Android.csproj", "{8C972506-484F-431D-9E64-EFE1223EBFD9}"
EndProject
Project("{FAE04EC0-301F-11D3-BF4B-00C04F79EFBC}") = "XamarinApp.iOS", "XamarinApp\XamarinApp.iOS\XamarinApp.iOS.csproj", "{1ABB4D76-8CAE-4359-A62F-2679241AA086}"
EndProject
Project("{FAE04EC0-301F-11D3-BF4B-00C04F79EFBC}") = "XamarinApp", "XamarinApp\XamarinApp\XamarinApp.csproj", "{A1AACB7A-6A21-40EC-9B40-0AC5C2B50C27}"
EndProject
Global
	GlobalSection(SolutionConfigurationPlatforms) = preSolution
		Ad-Hoc|Any CPU = Ad-Hoc|Any CPU
		Ad-Hoc|iPhone = Ad-Hoc|iPhone
		Ad-Hoc|iPhoneSimulator = Ad-Hoc|iPhoneSimulator
		AppStore|Any CPU = AppStore|Any CPU
		AppStore|iPhone = AppStore|iPhone
		AppStore|iPhoneSimulator = AppStore|iPhoneSimulator
		Debug|Any CPU = Debug|Any CPU
		Debug|iPhone = Debug|iPhone
		Debug|iPhoneSimulator = Debug|iPhoneSimulator
		Release|Any CPU = Release|Any CPU
		Release|iPhone = Release|iPhone
		Release|iPhoneSimulator = Release|iPhoneSimulator
	EndGlobalSection
	GlobalSection(ProjectConfigurationPlatforms) = postSolution
		{F10F2795-87EE-4C7A-9A6A-381B58FEE96F}.Ad-Hoc|Any CPU.ActiveCfg = Release|Any CPU
		{F10F2795-87EE-4C7A-9A6A-381B58FEE96F}.Ad-Hoc|Any CPU.Build.0 = Release|Any CPU
		{F10F2795-87EE-4C7A-9A6A-381B58FEE96F}.Ad-Hoc|iPhone.ActiveCfg = Release|Any CPU
		{F10F2795-87EE-4C7A-9A6A-381B58FEE96F}.Ad-Hoc|iPhone.Build.0 = Release|Any CPU
		{F10F2795-87EE-4C7A-9A6A-381B58FEE96F}.Ad-Hoc|iPhoneSimulator.ActiveCfg = Release|Any CPU
		{F10F2795-87EE-4C7A-9A6A-381B58FEE96F}.Ad-Hoc|iPhoneSimulator.Build.0 = Release|Any CPU
		{F10F2795-87EE-4C7A-9A6A-381B58FEE96F}.AppStore|Any CPU.ActiveCfg = Release|Any CPU
		{F10F2795-87EE-4C7A-9A6A-381B58FEE96F}.AppStore|Any CPU.Build.0 = Release|Any CPU
		{F10F2795-87EE-4C7A-9A6A-381B58FEE96F}.AppStore|iPhone.ActiveCfg = Release|Any CPU
		{F10F2795-87EE-4C7A-9A6A-381B58FEE96F}.AppStore|iPhone.Build.0 = Release|Any CPU
		{F10F2795-87EE-4C7A-9A6A-381B58FEE96F}.AppStore|iPhoneSimulator.ActiveCfg = Release|Any CPU
		{F10F2795-87EE-4C7A-9A6A-381B58FEE96F}.AppStore|iPhoneSimulator.Build.0 = Release|Any CPU
		{F10F2795-87EE-4C7A-9A6A-381B58FEE96F}.Debug|Any CPU.ActiveCfg = Debug|Any CPU
		{F10F2795-87EE-4C7A-9A6A-381B58FEE96F}.Debug|Any CPU.Build.0 = Debug|Any CPU
		{F10F2795-87EE-4C7A-9A6A-381B58FEE96F}.Debug|iPhone.ActiveCfg = Debug|Any CPU
		{F10F2795-87EE-4C7A-9A6A-381B58FEE96F}.Debug|iPhone.Build.0 = Debug|Any CPU
		{F10F2795-87EE-4C7A-9A6A-381B58FEE96F}.Debug|iPhoneSimulator.ActiveCfg = Debug|Any CPU
		{F10F2795-87EE-4C7A-9A6A-381B58FEE96F}.Debug|iPhoneSimulator.Build.0 = Debug|Any CPU
		{F10F2795-87EE-4C7A-9A6A-381B58FEE96F}.Release|Any CPU.ActiveCfg = Release|Any CPU
		{F10F2795-87EE-4C7A-9A6A-381B58FEE96F}.Release|Any CPU.Build.0 = Release|Any CPU
		{F10F2795-87EE-4C7A-9A6A-381B58FEE96F}.Release|iPhone.ActiveCfg = Release|Any CPU
		{F10F2795-87EE-4C7A-9A6A-381B58FEE96F}.Release|iPhone.Build.0 = Release|Any CPU
		{F10F2795-87EE-4C7A-9A6A-381B58FEE96F}.Release|iPhoneSimulator.ActiveCfg = Release|Any CPU
		{F10F2795-87EE-4C7A-9A6A-381B58FEE96F}.Release|iPhoneSimulator.Build.0 = Release|Any CPU
		{8E6DB202-36A2-4A55-A9C8-523BB666C0B6}.Ad-Hoc|Any CPU.ActiveCfg = Release|Any CPU
		{8E6DB202-36A2-4A55-A9C8-523BB666C0B6}.Ad-Hoc|Any CPU.Build.0 = Release|Any CPU
		{8E6DB202-36A2-4A55-A9C8-523BB666C0B6}.Ad-Hoc|iPhone.ActiveCfg = Release|Any CPU
		{8E6DB202-36A2-4A55-A9C8-523BB666C0B6}.Ad-Hoc|iPhone.Build.0 = Release|Any CPU
		{8E6DB202-36A2-4A55-A9C8-523BB666C0B6}.Ad-Hoc|iPhoneSimulator.ActiveCfg = Release|Any CPU
		{8E6DB202-36A2-4A55-A9C8-523BB666C0B6}.Ad-Hoc|iPhoneSimulator.Build.0 = Release|Any CPU
		{8E6DB202-36A2-4A55-A9C8-523BB666C0B6}.AppStore|Any CPU.ActiveCfg = Release|Any CPU
		{8E6DB202-36A2-4A55-A9C8-523BB666C0B6}.AppStore|Any CPU.Build.0 = Release|Any CPU
		{8E6DB202-36A2-4A55-A9C8-523BB666C0B6}.AppStore|iPhone.ActiveCfg = Release|Any CPU
		{8E6DB202-36A2-4A55-A9C8-523BB666C0B6}.AppStore|iPhone.Build.0 = Release|Any CPU
		{8E6DB202-36A2-4A55-A9C8-523BB666C0B6}.AppStore|iPhoneSimulator.ActiveCfg = Release|Any CPU
		{8E6DB202-36A2-4A55-A9C8-523BB666C0B6}.AppStore|iPhoneSimulator.Build.0 = Release|Any CPU
		{8E6DB202-36A2-4A55-A9C8-523BB666C0B6}.Debug|Any CPU.ActiveCfg = Debug|Any CPU
		{8E6DB202-36A2-4A55-A9C8-523BB666C0B6}.Debug|Any CPU.Build.0 = Debug|Any CPU
		{8E6DB202-36A2-4A55-A9C8-523BB666C0B6}.Debug|iPhone.ActiveCfg = Debug|Any CPU
		{8E6DB202-36A2-4A55-A9C8-523BB666C0B6}.Debug|iPhone.Build.0 = Debug|Any CPU
		{8E6DB202-36A2-4A55-A9C8-523BB666C0B6}.Debug|iPhoneSimulator.ActiveCfg = Debug|Any CPU
		{8E6DB202-36A2-4A55-A9C8-523BB666C0B6}.Debug|iPhoneSimulator.Build.0 = Debug|Any CPU
		{8E6DB202-36A2-4A55-A9C8-523BB666C0B6}.Release|Any CPU.ActiveCfg = Release|Any CPU
		{8E6DB202-36A2-4A55-A9C8-523BB666C0B6}.Release|Any CPU.Build.0 = Release|Any CPU
		{8E6DB202-36A2-4A55-A9C8-523BB666C0B6}.Release|iPhone.ActiveCfg = Release|Any CPU
		{8E6DB202-36A2-4A55-A9C8-523BB666C0B6}.Release|iPhone.Build.0 = Release|Any CPU
		{8E6DB202-36A2-4A55-A9C8-523BB666C0B6}.Release|iPhoneSimulator.ActiveCfg = Release|Any CPU
		{8E6DB202-36A2-4A55-A9C8-523BB666C0B6}.Release|iPhoneSimulator.Build.0 = Release|Any CPU
		{8C972506-484F-431D-9E64-EFE1223EBFD9}.Ad-Hoc|Any CPU.ActiveCfg = Release|Any CPU
		{8C972506-484F-431D-9E64-EFE1223EBFD9}.Ad-Hoc|Any CPU.Build.0 = Release|Any CPU
		{8C972506-484F-431D-9E64-EFE1223EBFD9}.Ad-Hoc|Any CPU.Deploy.0 = Release|Any CPU
		{8C972506-484F-431D-9E64-EFE1223EBFD9}.Ad-Hoc|iPhone.ActiveCfg = Release|Any CPU
		{8C972506-484F-431D-9E64-EFE1223EBFD9}.Ad-Hoc|iPhone.Build.0 = Release|Any CPU
		{8C972506-484F-431D-9E64-EFE1223EBFD9}.Ad-Hoc|iPhone.Deploy.0 = Release|Any CPU
		{8C972506-484F-431D-9E64-EFE1223EBFD9}.Ad-Hoc|iPhoneSimulator.ActiveCfg = Release|Any CPU
		{8C972506-484F-431D-9E64-EFE1223EBFD9}.Ad-Hoc|iPhoneSimulator.Build.0 = Release|Any CPU
		{8C972506-484F-431D-9E64-EFE1223EBFD9}.Ad-Hoc|iPhoneSimulator.Deploy.0 = Release|Any CPU
		{8C972506-484F-431D-9E64-EFE1223EBFD9}.AppStore|Any CPU.ActiveCfg = Release|Any CPU
		{8C972506-484F-431D-9E64-EFE1223EBFD9}.AppStore|Any CPU.Build.0 = Release|Any CPU
		{8C972506-484F-431D-9E64-EFE1223EBFD9}.AppStore|Any CPU.Deploy.0 = Release|Any CPU
		{8C972506-484F-431D-9E64-EFE1223EBFD9}.AppStore|iPhone.ActiveCfg = Release|Any CPU
		{8C972506-484F-431D-9E64-EFE1223EBFD9}.AppStore|iPhone.Build.0 = Release|Any CPU
		{8C972506-484F-431D-9E64-EFE1223EBFD9}.AppStore|iPhone.Deploy.0 = Release|Any CPU
		{8C972506-484F-431D-9E64-EFE1223EBFD9}.AppStore|iPhoneSimulator.ActiveCfg = Release|Any CPU
		{8C972506-484F-431D-9E64-EFE1223EBFD9}.AppStore|iPhoneSimulator.Build.0 = Release|Any CPU
		{8C972506-484F-431D-9E64-EFE1223EBFD9}.AppStore|iPhoneSimulator.Deploy.0 = Release|Any CPU
		{8C972506-484F-431D-9E64-EFE1223EBFD9}.Debug|Any CPU.ActiveCfg = Debug|Any CPU
		{8C972506-484F-431D-9E64-EFE1223EBFD9}.Debug|Any CPU.Build.0 = Debug|Any CPU
		{8C972506-484F-431D-9E64-EFE1223EBFD9}.Debug|Any CPU.Deploy.0 = Debug|Any CPU
		{8C972506-484F-431D-9E64-EFE1223EBFD9}.Debug|iPhone.ActiveCfg = Debug|Any CPU
		{8C972506-484F-431D-9E64-EFE1223EBFD9}.Debug|iPhone.Build.0 = Debug|Any CPU
		{8C972506-484F-431D-9E64-EFE1223EBFD9}.Debug|iPhone.Deploy.0 = Debug|Any CPU
		{8C972506-484F-431D-9E64-EFE1223EBFD9}.Debug|iPhoneSimulator.ActiveCfg = Debug|Any CPU
		{8C972506-484F-431D-9E64-EFE1223EBFD9}.Debug|iPhoneSimulator.Build.0 = Debug|Any CPU
		{8C972506-484F-431D-9E64-EFE1223EBFD9}.Debug|iPhoneSimulator.Deploy.0 = Debug|Any CPU
		{8C972506-484F-431D-9E64-EFE1223EBFD9}.Release|Any CPU.ActiveCfg = Release|Any CPU
		{8C972506-484F-431D-9E64-EFE1223EBFD9}.Release|Any CPU.Build.0 = Release|Any CPU
		{8C972506-484F-431D-9E64-EFE1223EBFD9}.Release|Any CPU.Deploy.0 = Release|Any CPU
		{8C972506-484F-431D-9E64-EFE1223EBFD9}.Release|iPhone.ActiveCfg = Release|Any CPU
		{8C972506-484F-431D-9E64-EFE1223EBFD9}.Release|iPhone.Build.0 = Release|Any CPU
		{8C972506-484F-431D-9E64-EFE1223EBFD9}.Release|iPhone.Deploy.0 = Release|Any CPU
		{8C972506-484F-431D-9E64-EFE1223EBFD9}.Release|iPhoneSimulator.ActiveCfg = Release|Any CPU
		{8C972506-484F-431D-9E64-EFE1223EBFD9}.Release|iPhoneSimulator.Build.0 = Release|Any CPU
		{8C972506-484F-431D-9E64-EFE1223EBFD9}.Release|iPhoneSimulator.Deploy.0 = Release|Any CPU
		{1ABB4D76-8CAE-4359-A62F-2679241AA086}.Ad-Hoc|Any CPU.ActiveCfg = Ad-Hoc|iPhone
		{1ABB4D76-8CAE-4359-A62F-2679241AA086}.Ad-Hoc|iPhone.ActiveCfg = Ad-Hoc|iPhone
		{1ABB4D76-8CAE-4359-A62F-2679241AA086}.Ad-Hoc|iPhone.Build.0 = Ad-Hoc|iPhone
		{1ABB4D76-8CAE-4359-A62F-2679241AA086}.Ad-Hoc|iPhoneSimulator.ActiveCfg = Ad-Hoc|iPhoneSimulator
		{1ABB4D76-8CAE-4359-A62F-2679241AA086}.Ad-Hoc|iPhoneSimulator.Build.0 = Ad-Hoc|iPhoneSimulator
		{1ABB4D76-8CAE-4359-A62F-2679241AA086}.AppStore|Any CPU.ActiveCfg = AppStore|iPhone
		{1ABB4D76-8CAE-4359-A62F-2679241AA086}.AppStore|iPhone.ActiveCfg = AppStore|iPhone
		{1ABB4D76-8CAE-4359-A62F-2679241AA086}.AppStore|iPhone.Build.0 = AppStore|iPhone
		{1ABB4D76-8CAE-4359-A62F-2679241AA086}.AppStore|iPhoneSimulator.ActiveCfg = AppStore|iPhoneSimulator
		{1ABB4D76-8CAE-4359-A62F-2679241AA086}.AppStore|iPhoneSimulator.Build.0 = AppStore|iPhoneSimulator
		{1ABB4D76-8CAE-4359-A62F-2679241AA086}.Debug|Any CPU.ActiveCfg = Debug|iPhone
		{1ABB4D76-8CAE-4359-A62F-2679241AA086}.Debug|iPhone.ActiveCfg = Debug|iPhone
		{1ABB4D76-8CAE-4359-A62F-2679241AA086}.Debug|iPhone.Build.0 = Debug|iPhone
		{1ABB4D76-8CAE-4359-A62F-2679241AA086}.Debug|iPhoneSimulator.ActiveCfg = Debug|iPhoneSimulator
		{1ABB4D76-8CAE-4359-A62F-2679241AA086}.Debug|iPhoneSimulator.Build.0 = Debug|iPhoneSimulator
		{1ABB4D76-8CAE-4359-A62F-2679241AA086}.Release|Any CPU.ActiveCfg = Release|iPhone
		{1ABB4D76-8CAE-4359-A62F-2679241AA086}.Release|iPhone.ActiveCfg = Release|iPhone
		{1ABB4D76-8CAE-4359-A62F-2679241AA086}.Release|iPhone.Build.0 = Release|iPhone
		{1ABB4D76-8CAE-4359-A62F-2679241AA086}.Release|iPhoneSimulator.ActiveCfg = Release|iPhoneSimulator
		{1ABB4D76-8CAE-4359-A62F-2679241AA086}.Release|iPhoneSimulator.Build.0 = Release|iPhoneSimulator
		{A1AACB7A-6A21-40EC-9B40-0AC5C2B50C27}.Ad-Hoc|Any CPU.ActiveCfg = Debug|Any CPU
		{A1AACB7A-6A21-40EC-9B40-0AC5C2B50C27}.Ad-Hoc|Any CPU.Build.0 = Debug|Any CPU
		{A1AACB7A-6A21-40EC-9B40-0AC5C2B50C27}.Ad-Hoc|iPhone.ActiveCfg = Debug|Any CPU
		{A1AACB7A-6A21-40EC-9B40-0AC5C2B50C27}.Ad-Hoc|iPhone.Build.0 = Debug|Any CPU
		{A1AACB7A-6A21-40EC-9B40-0AC5C2B50C27}.Ad-Hoc|iPhoneSimulator.ActiveCfg = Debug|Any CPU
		{A1AACB7A-6A21-40EC-9B40-0AC5C2B50C27}.Ad-Hoc|iPhoneSimulator.Build.0 = Debug|Any CPU
		{A1AACB7A-6A21-40EC-9B40-0AC5C2B50C27}.AppStore|Any CPU.ActiveCfg = Debug|Any CPU
		{A1AACB7A-6A21-40EC-9B40-0AC5C2B50C27}.AppStore|Any CPU.Build.0 = Debug|Any CPU
		{A1AACB7A-6A21-40EC-9B40-0AC5C2B50C27}.AppStore|iPhone.ActiveCfg = Debug|Any CPU
		{A1AACB7A-6A21-40EC-9B40-0AC5C2B50C27}.AppStore|iPhone.Build.0 = Debug|Any CPU
		{A1AACB7A-6A21-40EC-9B40-0AC5C2B50C27}.AppStore|iPhoneSimulator.ActiveCfg = Debug|Any CPU
		{A1AACB7A-6A21-40EC-9B40-0AC5C2B50C27}.AppStore|iPhoneSimulator.Build.0 = Debug|Any CPU
		{A1AACB7A-6A21-40EC-9B40-0AC5C2B50C27}.Debug|Any CPU.ActiveCfg = Debug|Any CPU
		{A1AACB7A-6A21-40EC-9B40-0AC5C2B50C27}.Debug|Any CPU.Build.0 = Debug|Any CPU
		{A1AACB7A-6A21-40EC-9B40-0AC5C2B50C27}.Debug|iPhone.ActiveCfg = Debug|Any CPU
		{A1AACB7A-6A21-40EC-9B40-0AC5C2B50C27}.Debug|iPhone.Build.0 = Debug|Any CPU
		{A1AACB7A-6A21-40EC-9B40-0AC5C2B50C27}.Debug|iPhoneSimulator.ActiveCfg = Debug|Any CPU
		{A1AACB7A-6A21-40EC-9B40-0AC5C2B50C27}.Debug|iPhoneSimulator.Build.0 = Debug|Any CPU
		{A1AACB7A-6A21-40EC-9B40-0AC5C2B50C27}.Release|Any CPU.ActiveCfg = Release|Any CPU
		{A1AACB7A-6A21-40EC-9B40-0AC5C2B50C27}.Release|Any CPU.Build.0 = Release|Any CPU
		{A1AACB7A-6A21-40EC-9B40-0AC5C2B50C27}.Release|iPhone.ActiveCfg = Release|Any CPU
		{A1AACB7A-6A21-40EC-9B40-0AC5C2B50C27}.Release|iPhone.Build.0 = Release|Any CPU
		{A1AACB7A-6A21-40EC-9B40-0AC5C2B50C27}.Release|iPhoneSimulator.ActiveCfg = Release|Any CPU
		{A1AACB7A-6A21-40EC-9B40-0AC5C2B50C27}.Release|iPhoneSimulator.Build.0 = Release|Any CPU
	EndGlobalSection
	GlobalSection(SolutionProperties) = preSolution
		HideSolutionNode = FALSE
	EndGlobalSection
	GlobalSection(ExtensibilityGlobals) = postSolution
		SolutionGuid = {1882AD0A-250B-4BAC-A848-CACB9DFE9038}
	EndGlobalSection
EndGlobal
