
Microsoft Visual Studio Solution File, Format Version 12.00
# Visual Studio 15
VisualStudioVersion = 15.0.28307.271
MinimumVisualStudioVersion = 10.0.40219.1
Project("{FAE04EC0-301F-11D3-BF4B-00C04F79EFBC}") = "WebApiIntegration", "WebApiIntegration\WebApiIntegration.csproj", "{F10F2795-87EE-4C7A-9A6A-381B58FEE96F}"
EndProject
Project("{FAE04EC0-301F-11D3-BF4B-00C04F79EFBC}") = "SimpleMVC", "SimpleMVC\SimpleMVC.csproj", "{8E6DB202-36A2-4A55-A9C8-523BB666C0B6}"
EndProject
Project("{9A19103F-16F7-4668-BE54-9A1E7A4F7556}") = "XamarinTutorial", "..\XamarinTutorial\XamarinTutorial\XamarinTutorial\XamarinTutorial.csproj", "{ACFDF9A2-D2AD-42FF-AA50-461BFAB8023D}"
EndProject
Project("{FAE04EC0-301F-11D3-BF4B-00C04F79EFBC}") = "XamarinTutorial.Android", "..\XamarinTutorial\XamarinTutorial\XamarinTutorial.Android\XamarinTutorial.Android.csproj", "{23ED14DB-A37C-4DAA-85A7-E9D84CFF2EFE}"
EndProject
Project("{FAE04EC0-301F-11D3-BF4B-00C04F79EFBC}") = "XamarinTutorial.iOS", "..\XamarinTutorial\XamarinTutorial\XamarinTutorial.iOS\XamarinTutorial.iOS.csproj", "{793F975C-3E9E-45A1-AB73-413E5B7B2CFD}"
EndProject
Global
	GlobalSection(SolutionConfigurationPlatforms) = preSolution
		Ad-Hoc|Any CPU = Ad-Hoc|Any CPU
		Ad-Hoc|iPhone = Ad-Hoc|iPhone
		Ad-Hoc|iPhoneSimulator = Ad-Hoc|iPhoneSimulator
		AppStore|Any CPU = AppStore|Any CPU
		AppStore|iPhone = AppStore|iPhone
		AppStore|iPhoneSimulator = AppStore|iPhoneSimulator
		Debug|Any CPU = Debug|Any CPU
		Debug|iPhone = Debug|iPhone
		Debug|iPhoneSimulator = Debug|iPhoneSimulator
		Release|Any CPU = Release|Any CPU
		Release|iPhone = Release|iPhone
		Release|iPhoneSimulator = Release|iPhoneSimulator
	EndGlobalSection
	GlobalSection(ProjectConfigurationPlatforms) = postSolution
		{F10F2795-87EE-4C7A-9A6A-381B58FEE96F}.Ad-Hoc|Any CPU.ActiveCfg = Release|Any CPU
		{F10F2795-87EE-4C7A-9A6A-381B58FEE96F}.Ad-Hoc|Any CPU.Build.0 = Release|Any CPU
		{F10F2795-87EE-4C7A-9A6A-381B58FEE96F}.Ad-Hoc|iPhone.ActiveCfg = Release|Any CPU
		{F10F2795-87EE-4C7A-9A6A-381B58FEE96F}.Ad-Hoc|iPhone.Build.0 = Release|Any CPU
		{F10F2795-87EE-4C7A-9A6A-381B58FEE96F}.Ad-Hoc|iPhoneSimulator.ActiveCfg = Release|Any CPU
		{F10F2795-87EE-4C7A-9A6A-381B58FEE96F}.Ad-Hoc|iPhoneSimulator.Build.0 = Release|Any CPU
		{F10F2795-87EE-4C7A-9A6A-381B58FEE96F}.AppStore|Any CPU.ActiveCfg = Release|Any CPU
		{F10F2795-87EE-4C7A-9A6A-381B58FEE96F}.AppStore|Any CPU.Build.0 = Release|Any CPU
		{F10F2795-87EE-4C7A-9A6A-381B58FEE96F}.AppStore|iPhone.ActiveCfg = Release|Any CPU
		{F10F2795-87EE-4C7A-9A6A-381B58FEE96F}.AppStore|iPhone.Build.0 = Release|Any CPU
		{F10F2795-87EE-4C7A-9A6A-381B58FEE96F}.AppStore|iPhoneSimulator.ActiveCfg = Release|Any CPU
		{F10F2795-87EE-4C7A-9A6A-381B58FEE96F}.AppStore|iPhoneSimulator.Build.0 = Release|Any CPU
		{F10F2795-87EE-4C7A-9A6A-381B58FEE96F}.Debug|Any CPU.ActiveCfg = Debug|Any CPU
		{F10F2795-87EE-4C7A-9A6A-381B58FEE96F}.Debug|Any CPU.Build.0 = Debug|Any CPU
		{F10F2795-87EE-4C7A-9A6A-381B58FEE96F}.Debug|iPhone.ActiveCfg = Debug|Any CPU
		{F10F2795-87EE-4C7A-9A6A-381B58FEE96F}.Debug|iPhone.Build.0 = Debug|Any CPU
		{F10F2795-87EE-4C7A-9A6A-381B58FEE96F}.Debug|iPhoneSimulator.ActiveCfg = Debug|Any CPU
		{F10F2795-87EE-4C7A-9A6A-381B58FEE96F}.Debug|iPhoneSimulator.Build.0 = Debug|Any CPU
		{F10F2795-87EE-4C7A-9A6A-381B58FEE96F}.Release|Any CPU.ActiveCfg = Release|Any CPU
		{F10F2795-87EE-4C7A-9A6A-381B58FEE96F}.Release|Any CPU.Build.0 = Release|Any CPU
		{F10F2795-87EE-4C7A-9A6A-381B58FEE96F}.Release|iPhone.ActiveCfg = Release|Any CPU
		{F10F2795-87EE-4C7A-9A6A-381B58FEE96F}.Release|iPhone.Build.0 = Release|Any CPU
		{F10F2795-87EE-4C7A-9A6A-381B58FEE96F}.Release|iPhoneSimulator.ActiveCfg = Release|Any CPU
		{F10F2795-87EE-4C7A-9A6A-381B58FEE96F}.Release|iPhoneSimulator.Build.0 = Release|Any CPU
		{8E6DB202-36A2-4A55-A9C8-523BB666C0B6}.Ad-Hoc|Any CPU.ActiveCfg = Release|Any CPU
		{8E6DB202-36A2-4A55-A9C8-523BB666C0B6}.Ad-Hoc|Any CPU.Build.0 = Release|Any CPU
		{8E6DB202-36A2-4A55-A9C8-523BB666C0B6}.Ad-Hoc|iPhone.ActiveCfg = Release|Any CPU
		{8E6DB202-36A2-4A55-A9C8-523BB666C0B6}.Ad-Hoc|iPhone.Build.0 = Release|Any CPU
		{8E6DB202-36A2-4A55-A9C8-523BB666C0B6}.Ad-Hoc|iPhoneSimulator.ActiveCfg = Release|Any CPU
		{8E6DB202-36A2-4A55-A9C8-523BB666C0B6}.Ad-Hoc|iPhoneSimulator.Build.0 = Release|Any CPU
		{8E6DB202-36A2-4A55-A9C8-523BB666C0B6}.AppStore|Any CPU.ActiveCfg = Release|Any CPU
		{8E6DB202-36A2-4A55-A9C8-523BB666C0B6}.AppStore|Any CPU.Build.0 = Release|Any CPU
		{8E6DB202-36A2-4A55-A9C8-523BB666C0B6}.AppStore|iPhone.ActiveCfg = Release|Any CPU
		{8E6DB202-36A2-4A55-A9C8-523BB666C0B6}.AppStore|iPhone.Build.0 = Release|Any CPU
		{8E6DB202-36A2-4A55-A9C8-523BB666C0B6}.AppStore|iPhoneSimulator.ActiveCfg = Release|Any CPU
		{8E6DB202-36A2-4A55-A9C8-523BB666C0B6}.AppStore|iPhoneSimulator.Build.0 = Release|Any CPU
		{8E6DB202-36A2-4A55-A9C8-523BB666C0B6}.Debug|Any CPU.ActiveCfg = Debug|Any CPU
		{8E6DB202-36A2-4A55-A9C8-523BB666C0B6}.Debug|Any CPU.Build.0 = Debug|Any CPU
		{8E6DB202-36A2-4A55-A9C8-523BB666C0B6}.Debug|iPhone.ActiveCfg = Debug|Any CPU
		{8E6DB202-36A2-4A55-A9C8-523BB666C0B6}.Debug|iPhone.Build.0 = Debug|Any CPU
		{8E6DB202-36A2-4A55-A9C8-523BB666C0B6}.Debug|iPhoneSimulator.ActiveCfg = Debug|Any CPU
		{8E6DB202-36A2-4A55-A9C8-523BB666C0B6}.Debug|iPhoneSimulator.Build.0 = Debug|Any CPU
		{8E6DB202-36A2-4A55-A9C8-523BB666C0B6}.Release|Any CPU.ActiveCfg = Release|Any CPU
		{8E6DB202-36A2-4A55-A9C8-523BB666C0B6}.Release|Any CPU.Build.0 = Release|Any CPU
		{8E6DB202-36A2-4A55-A9C8-523BB666C0B6}.Release|iPhone.ActiveCfg = Release|Any CPU
		{8E6DB202-36A2-4A55-A9C8-523BB666C0B6}.Release|iPhone.Build.0 = Release|Any CPU
		{8E6DB202-36A2-4A55-A9C8-523BB666C0B6}.Release|iPhoneSimulator.ActiveCfg = Release|Any CPU
		{8E6DB202-36A2-4A55-A9C8-523BB666C0B6}.Release|iPhoneSimulator.Build.0 = Release|Any CPU
		{ACFDF9A2-D2AD-42FF-AA50-461BFAB8023D}.Ad-Hoc|Any CPU.ActiveCfg = Debug|Any CPU
		{ACFDF9A2-D2AD-42FF-AA50-461BFAB8023D}.Ad-Hoc|Any CPU.Build.0 = Debug|Any CPU
		{ACFDF9A2-D2AD-42FF-AA50-461BFAB8023D}.Ad-Hoc|iPhone.ActiveCfg = Debug|Any CPU
		{ACFDF9A2-D2AD-42FF-AA50-461BFAB8023D}.Ad-Hoc|iPhone.Build.0 = Debug|Any CPU
		{ACFDF9A2-D2AD-42FF-AA50-461BFAB8023D}.Ad-Hoc|iPhoneSimulator.ActiveCfg = Debug|Any CPU
		{ACFDF9A2-D2AD-42FF-AA50-461BFAB8023D}.Ad-Hoc|iPhoneSimulator.Build.0 = Debug|Any CPU
		{ACFDF9A2-D2AD-42FF-AA50-461BFAB8023D}.AppStore|Any CPU.ActiveCfg = Debug|Any CPU
		{ACFDF9A2-D2AD-42FF-AA50-461BFAB8023D}.AppStore|Any CPU.Build.0 = Debug|Any CPU
		{ACFDF9A2-D2AD-42FF-AA50-461BFAB8023D}.AppStore|iPhone.ActiveCfg = Debug|Any CPU
		{ACFDF9A2-D2AD-42FF-AA50-461BFAB8023D}.AppStore|iPhone.Build.0 = Debug|Any CPU
		{ACFDF9A2-D2AD-42FF-AA50-461BFAB8023D}.AppStore|iPhoneSimulator.ActiveCfg = Debug|Any CPU
		{ACFDF9A2-D2AD-42FF-AA50-461BFAB8023D}.AppStore|iPhoneSimulator.Build.0 = Debug|Any CPU
		{ACFDF9A2-D2AD-42FF-AA50-461BFAB8023D}.Debug|Any CPU.ActiveCfg = Debug|Any CPU
		{ACFDF9A2-D2AD-42FF-AA50-461BFAB8023D}.Debug|Any CPU.Build.0 = Debug|Any CPU
		{ACFDF9A2-D2AD-42FF-AA50-461BFAB8023D}.Debug|iPhone.ActiveCfg = Debug|Any CPU
		{ACFDF9A2-D2AD-42FF-AA50-461BFAB8023D}.Debug|iPhone.Build.0 = Debug|Any CPU
		{ACFDF9A2-D2AD-42FF-AA50-461BFAB8023D}.Debug|iPhoneSimulator.ActiveCfg = Debug|Any CPU
		{ACFDF9A2-D2AD-42FF-AA50-461BFAB8023D}.Debug|iPhoneSimulator.Build.0 = Debug|Any CPU
		{ACFDF9A2-D2AD-42FF-AA50-461BFAB8023D}.Release|Any CPU.ActiveCfg = Release|Any CPU
		{ACFDF9A2-D2AD-42FF-AA50-461BFAB8023D}.Release|Any CPU.Build.0 = Release|Any CPU
		{ACFDF9A2-D2AD-42FF-AA50-461BFAB8023D}.Release|iPhone.ActiveCfg = Release|Any CPU
		{ACFDF9A2-D2AD-42FF-AA50-461BFAB8023D}.Release|iPhone.Build.0 = Release|Any CPU
		{ACFDF9A2-D2AD-42FF-AA50-461BFAB8023D}.Release|iPhoneSimulator.ActiveCfg = Release|Any CPU
		{ACFDF9A2-D2AD-42FF-AA50-461BFAB8023D}.Release|iPhoneSimulator.Build.0 = Release|Any CPU
		{23ED14DB-A37C-4DAA-85A7-E9D84CFF2EFE}.Ad-Hoc|Any CPU.ActiveCfg = Release|Any CPU
		{23ED14DB-A37C-4DAA-85A7-E9D84CFF2EFE}.Ad-Hoc|Any CPU.Build.0 = Release|Any CPU
		{23ED14DB-A37C-4DAA-85A7-E9D84CFF2EFE}.Ad-Hoc|Any CPU.Deploy.0 = Release|Any CPU
		{23ED14DB-A37C-4DAA-85A7-E9D84CFF2EFE}.Ad-Hoc|iPhone.ActiveCfg = Release|Any CPU
		{23ED14DB-A37C-4DAA-85A7-E9D84CFF2EFE}.Ad-Hoc|iPhone.Build.0 = Release|Any CPU
		{23ED14DB-A37C-4DAA-85A7-E9D84CFF2EFE}.Ad-Hoc|iPhone.Deploy.0 = Release|Any CPU
		{23ED14DB-A37C-4DAA-85A7-E9D84CFF2EFE}.Ad-Hoc|iPhoneSimulator.ActiveCfg = Release|Any CPU
		{23ED14DB-A37C-4DAA-85A7-E9D84CFF2EFE}.Ad-Hoc|iPhoneSimulator.Build.0 = Release|Any CPU
		{23ED14DB-A37C-4DAA-85A7-E9D84CFF2EFE}.Ad-Hoc|iPhoneSimulator.Deploy.0 = Release|Any CPU
		{23ED14DB-A37C-4DAA-85A7-E9D84CFF2EFE}.AppStore|Any CPU.ActiveCfg = Release|Any CPU
		{23ED14DB-A37C-4DAA-85A7-E9D84CFF2EFE}.AppStore|Any CPU.Build.0 = Release|Any CPU
		{23ED14DB-A37C-4DAA-85A7-E9D84CFF2EFE}.AppStore|Any CPU.Deploy.0 = Release|Any CPU
		{23ED14DB-A37C-4DAA-85A7-E9D84CFF2EFE}.AppStore|iPhone.ActiveCfg = Release|Any CPU
		{23ED14DB-A37C-4DAA-85A7-E9D84CFF2EFE}.AppStore|iPhone.Build.0 = Release|Any CPU
		{23ED14DB-A37C-4DAA-85A7-E9D84CFF2EFE}.AppStore|iPhone.Deploy.0 = Release|Any CPU
		{23ED14DB-A37C-4DAA-85A7-E9D84CFF2EFE}.AppStore|iPhoneSimulator.ActiveCfg = Release|Any CPU
		{23ED14DB-A37C-4DAA-85A7-E9D84CFF2EFE}.AppStore|iPhoneSimulator.Build.0 = Release|Any CPU
		{23ED14DB-A37C-4DAA-85A7-E9D84CFF2EFE}.AppStore|iPhoneSimulator.Deploy.0 = Release|Any CPU
		{23ED14DB-A37C-4DAA-85A7-E9D84CFF2EFE}.Debug|Any CPU.ActiveCfg = Debug|Any CPU
		{23ED14DB-A37C-4DAA-85A7-E9D84CFF2EFE}.Debug|Any CPU.Build.0 = Debug|Any CPU
		{23ED14DB-A37C-4DAA-85A7-E9D84CFF2EFE}.Debug|Any CPU.Deploy.0 = Debug|Any CPU
		{23ED14DB-A37C-4DAA-85A7-E9D84CFF2EFE}.Debug|iPhone.ActiveCfg = Debug|Any CPU
		{23ED14DB-A37C-4DAA-85A7-E9D84CFF2EFE}.Debug|iPhone.Build.0 = Debug|Any CPU
		{23ED14DB-A37C-4DAA-85A7-E9D84CFF2EFE}.Debug|iPhone.Deploy.0 = Debug|Any CPU
		{23ED14DB-A37C-4DAA-85A7-E9D84CFF2EFE}.Debug|iPhoneSimulator.ActiveCfg = Debug|Any CPU
		{23ED14DB-A37C-4DAA-85A7-E9D84CFF2EFE}.Debug|iPhoneSimulator.Build.0 = Debug|Any CPU
		{23ED14DB-A37C-4DAA-85A7-E9D84CFF2EFE}.Debug|iPhoneSimulator.Deploy.0 = Debug|Any CPU
		{23ED14DB-A37C-4DAA-85A7-E9D84CFF2EFE}.Release|Any CPU.ActiveCfg = Release|Any CPU
		{23ED14DB-A37C-4DAA-85A7-E9D84CFF2EFE}.Release|Any CPU.Build.0 = Release|Any CPU
		{23ED14DB-A37C-4DAA-85A7-E9D84CFF2EFE}.Release|Any CPU.Deploy.0 = Release|Any CPU
		{23ED14DB-A37C-4DAA-85A7-E9D84CFF2EFE}.Release|iPhone.ActiveCfg = Release|Any CPU
		{23ED14DB-A37C-4DAA-85A7-E9D84CFF2EFE}.Release|iPhone.Build.0 = Release|Any CPU
		{23ED14DB-A37C-4DAA-85A7-E9D84CFF2EFE}.Release|iPhone.Deploy.0 = Release|Any CPU
		{23ED14DB-A37C-4DAA-85A7-E9D84CFF2EFE}.Release|iPhoneSimulator.ActiveCfg = Release|Any CPU
		{23ED14DB-A37C-4DAA-85A7-E9D84CFF2EFE}.Release|iPhoneSimulator.Build.0 = Release|Any CPU
		{23ED14DB-A37C-4DAA-85A7-E9D84CFF2EFE}.Release|iPhoneSimulator.Deploy.0 = Release|Any CPU
		{793F975C-3E9E-45A1-AB73-413E5B7B2CFD}.Ad-Hoc|Any CPU.ActiveCfg = Ad-Hoc|iPhone
		{793F975C-3E9E-45A1-AB73-413E5B7B2CFD}.Ad-Hoc|iPhone.ActiveCfg = Ad-Hoc|iPhone
		{793F975C-3E9E-45A1-AB73-413E5B7B2CFD}.Ad-Hoc|iPhone.Build.0 = Ad-Hoc|iPhone
		{793F975C-3E9E-45A1-AB73-413E5B7B2CFD}.Ad-Hoc|iPhoneSimulator.ActiveCfg = Ad-Hoc|iPhoneSimulator
		{793F975C-3E9E-45A1-AB73-413E5B7B2CFD}.Ad-Hoc|iPhoneSimulator.Build.0 = Ad-Hoc|iPhoneSimulator
		{793F975C-3E9E-45A1-AB73-413E5B7B2CFD}.AppStore|Any CPU.ActiveCfg = AppStore|iPhone
		{793F975C-3E9E-45A1-AB73-413E5B7B2CFD}.AppStore|iPhone.ActiveCfg = AppStore|iPhone
		{793F975C-3E9E-45A1-AB73-413E5B7B2CFD}.AppStore|iPhone.Build.0 = AppStore|iPhone
		{793F975C-3E9E-45A1-AB73-413E5B7B2CFD}.AppStore|iPhoneSimulator.ActiveCfg = AppStore|iPhoneSimulator
		{793F975C-3E9E-45A1-AB73-413E5B7B2CFD}.AppStore|iPhoneSimulator.Build.0 = AppStore|iPhoneSimulator
		{793F975C-3E9E-45A1-AB73-413E5B7B2CFD}.Debug|Any CPU.ActiveCfg = Debug|iPhone
		{793F975C-3E9E-45A1-AB73-413E5B7B2CFD}.Debug|iPhone.ActiveCfg = Debug|iPhone
		{793F975C-3E9E-45A1-AB73-413E5B7B2CFD}.Debug|iPhone.Build.0 = Debug|iPhone
		{793F975C-3E9E-45A1-AB73-413E5B7B2CFD}.Debug|iPhoneSimulator.ActiveCfg = Debug|iPhoneSimulator
		{793F975C-3E9E-45A1-AB73-413E5B7B2CFD}.Debug|iPhoneSimulator.Build.0 = Debug|iPhoneSimulator
		{793F975C-3E9E-45A1-AB73-413E5B7B2CFD}.Release|Any CPU.ActiveCfg = Release|iPhone
		{793F975C-3E9E-45A1-AB73-413E5B7B2CFD}.Release|iPhone.ActiveCfg = Release|iPhone
		{793F975C-3E9E-45A1-AB73-413E5B7B2CFD}.Release|iPhone.Build.0 = Release|iPhone
		{793F975C-3E9E-45A1-AB73-413E5B7B2CFD}.Release|iPhoneSimulator.ActiveCfg = Release|iPhoneSimulator
		{793F975C-3E9E-45A1-AB73-413E5B7B2CFD}.Release|iPhoneSimulator.Build.0 = Release|iPhoneSimulator
	EndGlobalSection
	GlobalSection(SolutionProperties) = preSolution
		HideSolutionNode = FALSE
	EndGlobalSection
	GlobalSection(ExtensibilityGlobals) = postSolution
		SolutionGuid = {1882AD0A-250B-4BAC-A848-CACB9DFE9038}
	EndGlobalSection
EndGlobal
